// !$*UTF8*$!
{
	archiveVersion = 1;
	classes = {
	};
	objectVersion = 51;
	objects = {

/* Begin PBXBuildFile section */
		05A0772FD866F9E1F94F34EE /* Pods_2048MVC.framework in Frameworks */ = {isa = PBXBuildFile; fileRef = A2DE0090BB4D602C2CAA405C /* Pods_2048MVC.framework */; };
		1817D2992511010D00B198EC /* AppDelegate.swift in Sources */ = {isa = PBXBuildFile; fileRef = 1817D2982511010D00B198EC /* AppDelegate.swift */; };
		1817D29B2511010D00B198EC /* SceneDelegate.swift in Sources */ = {isa = PBXBuildFile; fileRef = 1817D29A2511010D00B198EC /* SceneDelegate.swift */; };
		1817D2A22511014900B198EC /* Assets.xcassets in Resources */ = {isa = PBXBuildFile; fileRef = 1817D2A12511014900B198EC /* Assets.xcassets */; };
		1817D2A52511014900B198EC /* LaunchScreen.storyboard in Resources */ = {isa = PBXBuildFile; fileRef = 1817D2A32511014900B198EC /* LaunchScreen.storyboard */; };
		1817D2B02511014A00B198EC /* _048MVCTests.swift in Sources */ = {isa = PBXBuildFile; fileRef = 1817D2AF2511014A00B198EC /* _048MVCTests.swift */; };
		1817D2BB2511014A00B198EC /* _048MVCUITests.swift in Sources */ = {isa = PBXBuildFile; fileRef = 1817D2BA2511014A00B198EC /* _048MVCUITests.swift */; };
		1817D2C9251101E800B198EC /* MatrixController.swift in Sources */ = {isa = PBXBuildFile; fileRef = 1817D2C8251101E800B198EC /* MatrixController.swift */; };
		1817D2CB2511021900B198EC /* MatrixModel.swift in Sources */ = {isa = PBXBuildFile; fileRef = 1817D2CA2511021900B198EC /* MatrixModel.swift */; };
		1817D2CD251102E000B198EC /* CollectionViewCell.swift in Sources */ = {isa = PBXBuildFile; fileRef = 1817D2CC251102E000B198EC /* CollectionViewCell.swift */; };
		1817D2D12511030E00B198EC /* Main.storyboard in Resources */ = {isa = PBXBuildFile; fileRef = 1817D2D02511030E00B198EC /* Main.storyboard */; };
		1817D2D325110CEF00B198EC /* Direction.swift in Sources */ = {isa = PBXBuildFile; fileRef = 1817D2D225110CEF00B198EC /* Direction.swift */; };
		BCE810F3F78671F807DE63BD /* Pods_2048MVC_2048MVCUITests.framework in Frameworks */ = {isa = PBXBuildFile; fileRef = A4F5A540CF61BC679F83A945 /* Pods_2048MVC_2048MVCUITests.framework */; };
		F2DDCFCE03DA97EEBEEC1951 /* Pods_2048MVCTests.framework in Frameworks */ = {isa = PBXBuildFile; fileRef = 92742339AF8297B808AE8B58 /* Pods_2048MVCTests.framework */; };
/* End PBXBuildFile section */

/* Begin PBXContainerItemProxy section */
		1817D2AC2511014A00B198EC /* PBXContainerItemProxy */ = {
			isa = PBXContainerItemProxy;
			containerPortal = 1817D28D2511010D00B198EC /* Project object */;
			proxyType = 1;
			remoteGlobalIDString = 1817D2942511010D00B198EC;
			remoteInfo = 2048MVC;
		};
		1817D2B72511014A00B198EC /* PBXContainerItemProxy */ = {
			isa = PBXContainerItemProxy;
			containerPortal = 1817D28D2511010D00B198EC /* Project object */;
			proxyType = 1;
			remoteGlobalIDString = 1817D2942511010D00B198EC;
			remoteInfo = 2048MVC;
		};
/* End PBXContainerItemProxy section */

/* Begin PBXFileReference section */
		1817D2952511010D00B198EC /* 2048MVC.app */ = {isa = PBXFileReference; explicitFileType = wrapper.application; includeInIndex = 0; path = 2048MVC.app; sourceTree = BUILT_PRODUCTS_DIR; };
		1817D2982511010D00B198EC /* AppDelegate.swift */ = {isa = PBXFileReference; lastKnownFileType = sourcecode.swift; path = AppDelegate.swift; sourceTree = "<group>"; };
		1817D29A2511010D00B198EC /* SceneDelegate.swift */ = {isa = PBXFileReference; lastKnownFileType = sourcecode.swift; path = SceneDelegate.swift; sourceTree = "<group>"; };
		1817D2A12511014900B198EC /* Assets.xcassets */ = {isa = PBXFileReference; lastKnownFileType = folder.assetcatalog; path = Assets.xcassets; sourceTree = "<group>"; };
		1817D2A42511014900B198EC /* Base */ = {isa = PBXFileReference; lastKnownFileType = file.storyboard; name = Base; path = Base.lproj/LaunchScreen.storyboard; sourceTree = "<group>"; };
		1817D2A62511014900B198EC /* Info.plist */ = {isa = PBXFileReference; lastKnownFileType = text.plist.xml; path = Info.plist; sourceTree = "<group>"; };
		1817D2AB2511014A00B198EC /* 2048MVCTests.xctest */ = {isa = PBXFileReference; explicitFileType = wrapper.cfbundle; includeInIndex = 0; path = 2048MVCTests.xctest; sourceTree = BUILT_PRODUCTS_DIR; };
		1817D2AF2511014A00B198EC /* _048MVCTests.swift */ = {isa = PBXFileReference; lastKnownFileType = sourcecode.swift; path = _048MVCTests.swift; sourceTree = "<group>"; };
		1817D2B12511014A00B198EC /* Info.plist */ = {isa = PBXFileReference; lastKnownFileType = text.plist.xml; path = Info.plist; sourceTree = "<group>"; };
		1817D2B62511014A00B198EC /* 2048MVCUITests.xctest */ = {isa = PBXFileReference; explicitFileType = wrapper.cfbundle; includeInIndex = 0; path = 2048MVCUITests.xctest; sourceTree = BUILT_PRODUCTS_DIR; };
		1817D2BA2511014A00B198EC /* _048MVCUITests.swift */ = {isa = PBXFileReference; lastKnownFileType = sourcecode.swift; path = _048MVCUITests.swift; sourceTree = "<group>"; };
		1817D2BC2511014A00B198EC /* Info.plist */ = {isa = PBXFileReference; lastKnownFileType = text.plist.xml; path = Info.plist; sourceTree = "<group>"; };
		1817D2C8251101E800B198EC /* MatrixController.swift */ = {isa = PBXFileReference; lastKnownFileType = sourcecode.swift; path = MatrixController.swift; sourceTree = "<group>"; };
		1817D2CA2511021900B198EC /* MatrixModel.swift */ = {isa = PBXFileReference; lastKnownFileType = sourcecode.swift; path = MatrixModel.swift; sourceTree = "<group>"; };
		1817D2CC251102E000B198EC /* CollectionViewCell.swift */ = {isa = PBXFileReference; fileEncoding = 4; lastKnownFileType = sourcecode.swift; path = CollectionViewCell.swift; sourceTree = "<group>"; };
		1817D2D02511030E00B198EC /* Main.storyboard */ = {isa = PBXFileReference; fileEncoding = 4; lastKnownFileType = file.storyboard; path = Main.storyboard; sourceTree = "<group>"; };
		1817D2D225110CEF00B198EC /* Direction.swift */ = {isa = PBXFileReference; lastKnownFileType = sourcecode.swift; path = Direction.swift; sourceTree = "<group>"; };
		21C345B7782FC115BB646375 /* Pods-2048MVCTests.debug.xcconfig */ = {isa = PBXFileReference; includeInIndex = 1; lastKnownFileType = text.xcconfig; name = "Pods-2048MVCTests.debug.xcconfig"; path = "Target Support Files/Pods-2048MVCTests/Pods-2048MVCTests.debug.xcconfig"; sourceTree = "<group>"; };
		35133D3858FE4148B39C60E0 /* Pods-2048MVC.release.xcconfig */ = {isa = PBXFileReference; includeInIndex = 1; lastKnownFileType = text.xcconfig; name = "Pods-2048MVC.release.xcconfig"; path = "Target Support Files/Pods-2048MVC/Pods-2048MVC.release.xcconfig"; sourceTree = "<group>"; };
		462C161FCE216678610DAB1E /* Pods-2048MVC.debug.xcconfig */ = {isa = PBXFileReference; includeInIndex = 1; lastKnownFileType = text.xcconfig; name = "Pods-2048MVC.debug.xcconfig"; path = "Target Support Files/Pods-2048MVC/Pods-2048MVC.debug.xcconfig"; sourceTree = "<group>"; };
		4ABD16AC03BED282C0ED04A5 /* Pods-2048MVC-2048MVCUITests.debug.xcconfig */ = {isa = PBXFileReference; includeInIndex = 1; lastKnownFileType = text.xcconfig; name = "Pods-2048MVC-2048MVCUITests.debug.xcconfig"; path = "Target Support Files/Pods-2048MVC-2048MVCUITests/Pods-2048MVC-2048MVCUITests.debug.xcconfig"; sourceTree = "<group>"; };
		92742339AF8297B808AE8B58 /* Pods_2048MVCTests.framework */ = {isa = PBXFileReference; explicitFileType = wrapper.framework; includeInIndex = 0; path = Pods_2048MVCTests.framework; sourceTree = BUILT_PRODUCTS_DIR; };
		95FF749298E4E05D61640525 /* Pods-2048MVCTests.release.xcconfig */ = {isa = PBXFileReference; includeInIndex = 1; lastKnownFileType = text.xcconfig; name = "Pods-2048MVCTests.release.xcconfig"; path = "Target Support Files/Pods-2048MVCTests/Pods-2048MVCTests.release.xcconfig"; sourceTree = "<group>"; };
		A2DE0090BB4D602C2CAA405C /* Pods_2048MVC.framework */ = {isa = PBXFileReference; explicitFileType = wrapper.framework; includeInIndex = 0; path = Pods_2048MVC.framework; sourceTree = BUILT_PRODUCTS_DIR; };
		A4F5A540CF61BC679F83A945 /* Pods_2048MVC_2048MVCUITests.framework */ = {isa = PBXFileReference; explicitFileType = wrapper.framework; includeInIndex = 0; path = Pods_2048MVC_2048MVCUITests.framework; sourceTree = BUILT_PRODUCTS_DIR; };
		EF7A87EBE21D4CD6B9767D87 /* Pods-2048MVC-2048MVCUITests.release.xcconfig */ = {isa = PBXFileReference; includeInIndex = 1; lastKnownFileType = text.xcconfig; name = "Pods-2048MVC-2048MVCUITests.release.xcconfig"; path = "Target Support Files/Pods-2048MVC-2048MVCUITests/Pods-2048MVC-2048MVCUITests.release.xcconfig"; sourceTree = "<group>"; };
/* End PBXFileReference section */

/* Begin PBXFrameworksBuildPhase section */
		1817D2922511010D00B198EC /* Frameworks */ = {
			isa = PBXFrameworksBuildPhase;
			buildActionMask = 2147483647;
			files = (
				05A0772FD866F9E1F94F34EE /* Pods_2048MVC.framework in Frameworks */,
			);
			runOnlyForDeploymentPostprocessing = 0;
		};
		1817D2A82511014A00B198EC /* Frameworks */ = {
			isa = PBXFrameworksBuildPhase;
			buildActionMask = 2147483647;
			files = (
				F2DDCFCE03DA97EEBEEC1951 /* Pods_2048MVCTests.framework in Frameworks */,
			);
			runOnlyForDeploymentPostprocessing = 0;
		};
		1817D2B32511014A00B198EC /* Frameworks */ = {
			isa = PBXFrameworksBuildPhase;
			buildActionMask = 2147483647;
			files = (
				BCE810F3F78671F807DE63BD /* Pods_2048MVC_2048MVCUITests.framework in Frameworks */,
			);
			runOnlyForDeploymentPostprocessing = 0;
		};
/* End PBXFrameworksBuildPhase section */

/* Begin PBXGroup section */
		1817D28C2511010C00B198EC = {
			isa = PBXGroup;
			children = (
				1817D2972511010D00B198EC /* 2048MVC */,
				1817D2AE2511014A00B198EC /* 2048MVCTests */,
				1817D2B92511014A00B198EC /* 2048MVCUITests */,
				1817D2962511010D00B198EC /* Products */,
				A3D1160C61E0874DC0DF014A /* Pods */,
				581DCA04525FEE2C06205FCE /* Frameworks */,
			);
			sourceTree = "<group>";
		};
		1817D2962511010D00B198EC /* Products */ = {
			isa = PBXGroup;
			children = (
				1817D2952511010D00B198EC /* 2048MVC.app */,
				1817D2AB2511014A00B198EC /* 2048MVCTests.xctest */,
				1817D2B62511014A00B198EC /* 2048MVCUITests.xctest */,
			);
			name = Products;
			sourceTree = "<group>";
		};
		1817D2972511010D00B198EC /* 2048MVC */ = {
			isa = PBXGroup;
			children = (
				1817D2982511010D00B198EC /* AppDelegate.swift */,
				1817D29A2511010D00B198EC /* SceneDelegate.swift */,
				1817D2C8251101E800B198EC /* MatrixController.swift */,
				1817D2CA2511021900B198EC /* MatrixModel.swift */,
				1817D2CC251102E000B198EC /* CollectionViewCell.swift */,
				1817D2D225110CEF00B198EC /* Direction.swift */,
				1817D2D02511030E00B198EC /* Main.storyboard */,
				1817D2A12511014900B198EC /* Assets.xcassets */,
				1817D2A32511014900B198EC /* LaunchScreen.storyboard */,
				1817D2A62511014900B198EC /* Info.plist */,
			);
			path = 2048MVC;
			sourceTree = "<group>";
		};
		1817D2AE2511014A00B198EC /* 2048MVCTests */ = {
			isa = PBXGroup;
			children = (
				1817D2AF2511014A00B198EC /* _048MVCTests.swift */,
				1817D2B12511014A00B198EC /* Info.plist */,
			);
			path = 2048MVCTests;
			sourceTree = "<group>";
		};
		1817D2B92511014A00B198EC /* 2048MVCUITests */ = {
			isa = PBXGroup;
			children = (
				1817D2BA2511014A00B198EC /* _048MVCUITests.swift */,
				1817D2BC2511014A00B198EC /* Info.plist */,
			);
			path = 2048MVCUITests;
			sourceTree = "<group>";
		};
		581DCA04525FEE2C06205FCE /* Frameworks */ = {
			isa = PBXGroup;
			children = (
				A2DE0090BB4D602C2CAA405C /* Pods_2048MVC.framework */,
				A4F5A540CF61BC679F83A945 /* Pods_2048MVC_2048MVCUITests.framework */,
				92742339AF8297B808AE8B58 /* Pods_2048MVCTests.framework */,
			);
			name = Frameworks;
			sourceTree = "<group>";
		};
		A3D1160C61E0874DC0DF014A /* Pods */ = {
			isa = PBXGroup;
			children = (
				462C161FCE216678610DAB1E /* Pods-2048MVC.debug.xcconfig */,
				35133D3858FE4148B39C60E0 /* Pods-2048MVC.release.xcconfig */,
				4ABD16AC03BED282C0ED04A5 /* Pods-2048MVC-2048MVCUITests.debug.xcconfig */,
				EF7A87EBE21D4CD6B9767D87 /* Pods-2048MVC-2048MVCUITests.release.xcconfig */,
				21C345B7782FC115BB646375 /* Pods-2048MVCTests.debug.xcconfig */,
				95FF749298E4E05D61640525 /* Pods-2048MVCTests.release.xcconfig */,
			);
			path = Pods;
			sourceTree = "<group>";
		};
/* End PBXGroup section */

/* Begin PBXNativeTarget section */
		1817D2942511010D00B198EC /* 2048MVC */ = {
			isa = PBXNativeTarget;
			buildConfigurationList = 1817D2BF2511014A00B198EC /* Build configuration list for PBXNativeTarget "2048MVC" */;
			buildPhases = (
				C918374C1E1444A3D7BF3681 /* [CP] Check Pods Manifest.lock */,
				1817D2912511010D00B198EC /* Sources */,
				1817D2922511010D00B198EC /* Frameworks */,
				1817D2932511010D00B198EC /* Resources */,
				086343E7AB4DBD728BC30A86 /* [CP] Embed Pods Frameworks */,
			);
			buildRules = (
			);
			dependencies = (
			);
			name = 2048MVC;
			productName = 2048MVC;
			productReference = 1817D2952511010D00B198EC /* 2048MVC.app */;
			productType = "com.apple.product-type.application";
		};
		1817D2AA2511014A00B198EC /* 2048MVCTests */ = {
			isa = PBXNativeTarget;
			buildConfigurationList = 1817D2C22511014A00B198EC /* Build configuration list for PBXNativeTarget "2048MVCTests" */;
			buildPhases = (
				0F09FB17767C41D825714767 /* [CP] Check Pods Manifest.lock */,
				1817D2A72511014A00B198EC /* Sources */,
				1817D2A82511014A00B198EC /* Frameworks */,
				1817D2A92511014A00B198EC /* Resources */,
			);
			buildRules = (
			);
			dependencies = (
				1817D2AD2511014A00B198EC /* PBXTargetDependency */,
			);
			name = 2048MVCTests;
			productName = 2048MVCTests;
			productReference = 1817D2AB2511014A00B198EC /* 2048MVCTests.xctest */;
			productType = "com.apple.product-type.bundle.unit-test";
		};
		1817D2B52511014A00B198EC /* 2048MVCUITests */ = {
			isa = PBXNativeTarget;
			buildConfigurationList = 1817D2C52511014A00B198EC /* Build configuration list for PBXNativeTarget "2048MVCUITests" */;
			buildPhases = (
				0D7690D8C6197A2F301A00E6 /* [CP] Check Pods Manifest.lock */,
				1817D2B22511014A00B198EC /* Sources */,
				1817D2B32511014A00B198EC /* Frameworks */,
				1817D2B42511014A00B198EC /* Resources */,
				E7E09C6EF67511FE6D610689 /* [CP] Embed Pods Frameworks */,
			);
			buildRules = (
			);
			dependencies = (
				1817D2B82511014A00B198EC /* PBXTargetDependency */,
			);
			name = 2048MVCUITests;
			productName = 2048MVCUITests;
			productReference = 1817D2B62511014A00B198EC /* 2048MVCUITests.xctest */;
			productType = "com.apple.product-type.bundle.ui-testing";
		};
/* End PBXNativeTarget section */

/* Begin PBXProject section */
		1817D28D2511010D00B198EC /* Project object */ = {
			isa = PBXProject;
			attributes = {
				LastSwiftUpdateCheck = 1170;
				LastUpgradeCheck = 1170;
				ORGANIZATIONNAME = "eyal avisar";
				TargetAttributes = {
					1817D2942511010D00B198EC = {
						CreatedOnToolsVersion = 11.7;
					};
					1817D2AA2511014A00B198EC = {
						CreatedOnToolsVersion = 11.7;
						TestTargetID = 1817D2942511010D00B198EC;
					};
					1817D2B52511014A00B198EC = {
						CreatedOnToolsVersion = 11.7;
						TestTargetID = 1817D2942511010D00B198EC;
					};
				};
			};
			buildConfigurationList = 1817D2902511010D00B198EC /* Build configuration list for PBXProject "2048MVC" */;
			compatibilityVersion = "Xcode 9.3";
			developmentRegion = en;
			hasScannedForEncodings = 0;
			knownRegions = (
				en,
				Base,
			);
			mainGroup = 1817D28C2511010C00B198EC;
			productRefGroup = 1817D2962511010D00B198EC /* Products */;
			projectDirPath = "";
			projectRoot = "";
			targets = (
				1817D2942511010D00B198EC /* 2048MVC */,
				1817D2AA2511014A00B198EC /* 2048MVCTests */,
				1817D2B52511014A00B198EC /* 2048MVCUITests */,
			);
		};
/* End PBXProject section */

/* Begin PBXResourcesBuildPhase section */
		1817D2932511010D00B198EC /* Resources */ = {
			isa = PBXResourcesBuildPhase;
			buildActionMask = 2147483647;
			files = (
				1817D2D12511030E00B198EC /* Main.storyboard in Resources */,
				1817D2A52511014900B198EC /* LaunchScreen.storyboard in Resources */,
				1817D2A22511014900B198EC /* Assets.xcassets in Resources */,
			);
			runOnlyForDeploymentPostprocessing = 0;
		};
		1817D2A92511014A00B198EC /* Resources */ = {
			isa = PBXResourcesBuildPhase;
			buildActionMask = 2147483647;
			files = (
			);
			runOnlyForDeploymentPostprocessing = 0;
		};
		1817D2B42511014A00B198EC /* Resources */ = {
			isa = PBXResourcesBuildPhase;
			buildActionMask = 2147483647;
			files = (
			);
			runOnlyForDeploymentPostprocessing = 0;
		};
/* End PBXResourcesBuildPhase section */

/* Begin PBXShellScriptBuildPhase section */
		086343E7AB4DBD728BC30A86 /* [CP] Embed Pods Frameworks */ = {
			isa = PBXShellScriptBuildPhase;
			buildActionMask = 2147483647;
			files = (
			);
			inputFileListPaths = (
				"${PODS_ROOT}/Target Support Files/Pods-2048MVC/Pods-2048MVC-frameworks-${CONFIGURATION}-input-files.xcfilelist",
			);
			name = "[CP] Embed Pods Frameworks";
			outputFileListPaths = (
				"${PODS_ROOT}/Target Support Files/Pods-2048MVC/Pods-2048MVC-frameworks-${CONFIGURATION}-output-files.xcfilelist",
			);
			runOnlyForDeploymentPostprocessing = 0;
			shellPath = /bin/sh;
			shellScript = "\"${PODS_ROOT}/Target Support Files/Pods-2048MVC/Pods-2048MVC-frameworks.sh\"\n";
			showEnvVarsInLog = 0;
		};
		0D7690D8C6197A2F301A00E6 /* [CP] Check Pods Manifest.lock */ = {
			isa = PBXShellScriptBuildPhase;
			buildActionMask = 2147483647;
			files = (
			);
			inputFileListPaths = (
			);
			inputPaths = (
				"${PODS_PODFILE_DIR_PATH}/Podfile.lock",
				"${PODS_ROOT}/Manifest.lock",
			);
			name = "[CP] Check Pods Manifest.lock";
			outputFileListPaths = (
			);
			outputPaths = (
				"$(DERIVED_FILE_DIR)/Pods-2048MVC-2048MVCUITests-checkManifestLockResult.txt",
			);
			runOnlyForDeploymentPostprocessing = 0;
			shellPath = /bin/sh;
			shellScript = "diff \"${PODS_PODFILE_DIR_PATH}/Podfile.lock\" \"${PODS_ROOT}/Manifest.lock\" > /dev/null\nif [ $? != 0 ] ; then\n    # print error to STDERR\n    echo \"error: The sandbox is not in sync with the Podfile.lock. Run 'pod install' or update your CocoaPods installation.\" >&2\n    exit 1\nfi\n# This output is used by Xcode 'outputs' to avoid re-running this script phase.\necho \"SUCCESS\" > \"${SCRIPT_OUTPUT_FILE_0}\"\n";
			showEnvVarsInLog = 0;
		};
		0F09FB17767C41D825714767 /* [CP] Check Pods Manifest.lock */ = {
			isa = PBXShellScriptBuildPhase;
			buildActionMask = 2147483647;
			files = (
			);
			inputFileListPaths = (
			);
			inputPaths = (
				"${PODS_PODFILE_DIR_PATH}/Podfile.lock",
				"${PODS_ROOT}/Manifest.lock",
			);
			name = "[CP] Check Pods Manifest.lock";
			outputFileListPaths = (
			);
			outputPaths = (
				"$(DERIVED_FILE_DIR)/Pods-2048MVCTests-checkManifestLockResult.txt",
			);
			runOnlyForDeploymentPostprocessing = 0;
			shellPath = /bin/sh;
			shellScript = "diff \"${PODS_PODFILE_DIR_PATH}/Podfile.lock\" \"${PODS_ROOT}/Manifest.lock\" > /dev/null\nif [ $? != 0 ] ; then\n    # print error to STDERR\n    echo \"error: The sandbox is not in sync with the Podfile.lock. Run 'pod install' or update your CocoaPods installation.\" >&2\n    exit 1\nfi\n# This output is used by Xcode 'outputs' to avoid re-running this script phase.\necho \"SUCCESS\" > \"${SCRIPT_OUTPUT_FILE_0}\"\n";
			showEnvVarsInLog = 0;
		};
		C918374C1E1444A3D7BF3681 /* [CP] Check Pods Manifest.lock */ = {
			isa = PBXShellScriptBuildPhase;
			buildActionMask = 2147483647;
			files = (
			);
			inputFileListPaths = (
			);
			inputPaths = (
				"${PODS_PODFILE_DIR_PATH}/Podfile.lock",
				"${PODS_ROOT}/Manifest.lock",
			);
			name = "[CP] Check Pods Manifest.lock";
			outputFileListPaths = (
			);
			outputPaths = (
				"$(DERIVED_FILE_DIR)/Pods-2048MVC-checkManifestLockResult.txt",
			);
			runOnlyForDeploymentPostprocessing = 0;
			shellPath = /bin/sh;
			shellScript = "diff \"${PODS_PODFILE_DIR_PATH}/Podfile.lock\" \"${PODS_ROOT}/Manifest.lock\" > /dev/null\nif [ $? != 0 ] ; then\n    # print error to STDERR\n    echo \"error: The sandbox is not in sync with the Podfile.lock. Run 'pod install' or update your CocoaPods installation.\" >&2\n    exit 1\nfi\n# This output is used by Xcode 'outputs' to avoid re-running this script phase.\necho \"SUCCESS\" > \"${SCRIPT_OUTPUT_FILE_0}\"\n";
			showEnvVarsInLog = 0;
		};
		E7E09C6EF67511FE6D610689 /* [CP] Embed Pods Frameworks */ = {
			isa = PBXShellScriptBuildPhase;
			buildActionMask = 2147483647;
			files = (
			);
			inputFileListPaths = (
				"${PODS_ROOT}/Target Support Files/Pods-2048MVC-2048MVCUITests/Pods-2048MVC-2048MVCUITests-frameworks-${CONFIGURATION}-input-files.xcfilelist",
			);
			name = "[CP] Embed Pods Frameworks";
			outputFileListPaths = (
				"${PODS_ROOT}/Target Support Files/Pods-2048MVC-2048MVCUITests/Pods-2048MVC-2048MVCUITests-frameworks-${CONFIGURATION}-output-files.xcfilelist",
			);
			runOnlyForDeploymentPostprocessing = 0;
			shellPath = /bin/sh;
			shellScript = "\"${PODS_ROOT}/Target Support Files/Pods-2048MVC-2048MVCUITests/Pods-2048MVC-2048MVCUITests-frameworks.sh\"\n";
			showEnvVarsInLog = 0;
		};
/* End PBXShellScriptBuildPhase section */

/* Begin PBXSourcesBuildPhase section */
		1817D2912511010D00B198EC /* Sources */ = {
			isa = PBXSourcesBuildPhase;
			buildActionMask = 2147483647;
			files = (
				1817D2D325110CEF00B198EC /* Direction.swift in Sources */,
				1817D2CD251102E000B198EC /* CollectionViewCell.swift in Sources */,
				1817D2992511010D00B198EC /* AppDelegate.swift in Sources */,
				1817D2C9251101E800B198EC /* MatrixController.swift in Sources */,
				1817D2CB2511021900B198EC /* MatrixModel.swift in Sources */,
				1817D29B2511010D00B198EC /* SceneDelegate.swift in Sources */,
			);
			runOnlyForDeploymentPostprocessing = 0;
		};
		1817D2A72511014A00B198EC /* Sources */ = {
			isa = PBXSourcesBuildPhase;
			buildActionMask = 2147483647;
			files = (
				1817D2B02511014A00B198EC /* _048MVCTests.swift in Sources */,
			);
			runOnlyForDeploymentPostprocessing = 0;
		};
		1817D2B22511014A00B198EC /* Sources */ = {
			isa = PBXSourcesBuildPhase;
			buildActionMask = 2147483647;
			files = (
				1817D2BB2511014A00B198EC /* _048MVCUITests.swift in Sources */,
			);
			runOnlyForDeploymentPostprocessing = 0;
		};
/* End PBXSourcesBuildPhase section */

/* Begin PBXTargetDependency section */
		1817D2AD2511014A00B198EC /* PBXTargetDependency */ = {
			isa = PBXTargetDependency;
			target = 1817D2942511010D00B198EC /* 2048MVC */;
			targetProxy = 1817D2AC2511014A00B198EC /* PBXContainerItemProxy */;
		};
		1817D2B82511014A00B198EC /* PBXTargetDependency */ = {
			isa = PBXTargetDependency;
			target = 1817D2942511010D00B198EC /* 2048MVC */;
			targetProxy = 1817D2B72511014A00B198EC /* PBXContainerItemProxy */;
		};
/* End PBXTargetDependency section */

/* Begin PBXVariantGroup section */
		1817D2A32511014900B198EC /* LaunchScreen.storyboard */ = {
			isa = PBXVariantGroup;
			children = (
				1817D2A42511014900B198EC /* Base */,
			);
			name = LaunchScreen.storyboard;
			sourceTree = "<group>";
		};
/* End PBXVariantGroup section */

/* Begin XCBuildConfiguration section */
		1817D2BD2511014A00B198EC /* Debug */ = {
			isa = XCBuildConfiguration;
			buildSettings = {
				ALWAYS_SEARCH_USER_PATHS = NO;
				CLANG_ANALYZER_NONNULL = YES;
				CLANG_ANALYZER_NUMBER_OBJECT_CONVERSION = YES_AGGRESSIVE;
				CLANG_CXX_LANGUAGE_STANDARD = "gnu++14";
				CLANG_CXX_LIBRARY = "libc++";
				CLANG_ENABLE_MODULES = YES;
				CLANG_ENABLE_OBJC_ARC = YES;
				CLANG_ENABLE_OBJC_WEAK = YES;
				CLANG_WARN_BLOCK_CAPTURE_AUTORELEASING = YES;
				CLANG_WARN_BOOL_CONVERSION = YES;
				CLANG_WARN_COMMA = YES;
				CLANG_WARN_CONSTANT_CONVERSION = YES;
				CLANG_WARN_DEPRECATED_OBJC_IMPLEMENTATIONS = YES;
				CLANG_WARN_DIRECT_OBJC_ISA_USAGE = YES_ERROR;
				CLANG_WARN_DOCUMENTATION_COMMENTS = YES;
				CLANG_WARN_EMPTY_BODY = YES;
				CLANG_WARN_ENUM_CONVERSION = YES;
				CLANG_WARN_INFINITE_RECURSION = YES;
				CLANG_WARN_INT_CONVERSION = YES;
				CLANG_WARN_NON_LITERAL_NULL_CONVERSION = YES;
				CLANG_WARN_OBJC_IMPLICIT_RETAIN_SELF = YES;
				CLANG_WARN_OBJC_LITERAL_CONVERSION = YES;
				CLANG_WARN_OBJC_ROOT_CLASS = YES_ERROR;
				CLANG_WARN_RANGE_LOOP_ANALYSIS = YES;
				CLANG_WARN_STRICT_PROTOTYPES = YES;
				CLANG_WARN_SUSPICIOUS_MOVE = YES;
				CLANG_WARN_UNGUARDED_AVAILABILITY = YES_AGGRESSIVE;
				CLANG_WARN_UNREACHABLE_CODE = YES;
				CLANG_WARN__DUPLICATE_METHOD_MATCH = YES;
				COPY_PHASE_STRIP = NO;
				DEBUG_INFORMATION_FORMAT = dwarf;
				ENABLE_STRICT_OBJC_MSGSEND = YES;
				ENABLE_TESTABILITY = YES;
				GCC_C_LANGUAGE_STANDARD = gnu11;
				GCC_DYNAMIC_NO_PIC = NO;
				GCC_NO_COMMON_BLOCKS = YES;
				GCC_OPTIMIZATION_LEVEL = 0;
				GCC_PREPROCESSOR_DEFINITIONS = (
					"DEBUG=1",
					"$(inherited)",
				);
				GCC_WARN_64_TO_32_BIT_CONVERSION = YES;
				GCC_WARN_ABOUT_RETURN_TYPE = YES_ERROR;
				GCC_WARN_UNDECLARED_SELECTOR = YES;
				GCC_WARN_UNINITIALIZED_AUTOS = YES_AGGRESSIVE;
				GCC_WARN_UNUSED_FUNCTION = YES;
				GCC_WARN_UNUSED_VARIABLE = YES;
				IPHONEOS_DEPLOYMENT_TARGET = 13.7;
				MTL_ENABLE_DEBUG_INFO = INCLUDE_SOURCE;
				MTL_FAST_MATH = YES;
				ONLY_ACTIVE_ARCH = YES;
				SDKROOT = iphoneos;
				SWIFT_ACTIVE_COMPILATION_CONDITIONS = DEBUG;
				SWIFT_OPTIMIZATION_LEVEL = "-Onone";
			};
			name = Debug;
		};
		1817D2BE2511014A00B198EC /* Release */ = {
			isa = XCBuildConfiguration;
			buildSettings = {
				ALWAYS_SEARCH_USER_PATHS = NO;
				CLANG_ANALYZER_NONNULL = YES;
				CLANG_ANALYZER_NUMBER_OBJECT_CONVERSION = YES_AGGRESSIVE;
				CLANG_CXX_LANGUAGE_STANDARD = "gnu++14";
				CLANG_CXX_LIBRARY = "libc++";
				CLANG_ENABLE_MODULES = YES;
				CLANG_ENABLE_OBJC_ARC = YES;
				CLANG_ENABLE_OBJC_WEAK = YES;
				CLANG_WARN_BLOCK_CAPTURE_AUTORELEASING = YES;
				CLANG_WARN_BOOL_CONVERSION = YES;
				CLANG_WARN_COMMA = YES;
				CLANG_WARN_CONSTANT_CONVERSION = YES;
				CLANG_WARN_DEPRECATED_OBJC_IMPLEMENTATIONS = YES;
				CLANG_WARN_DIRECT_OBJC_ISA_USAGE = YES_ERROR;
				CLANG_WARN_DOCUMENTATION_COMMENTS = YES;
				CLANG_WARN_EMPTY_BODY = YES;
				CLANG_WARN_ENUM_CONVERSION = YES;
				CLANG_WARN_INFINITE_RECURSION = YES;
				CLANG_WARN_INT_CONVERSION = YES;
				CLANG_WARN_NON_LITERAL_NULL_CONVERSION = YES;
				CLANG_WARN_OBJC_IMPLICIT_RETAIN_SELF = YES;
				CLANG_WARN_OBJC_LITERAL_CONVERSION = YES;
				CLANG_WARN_OBJC_ROOT_CLASS = YES_ERROR;
				CLANG_WARN_RANGE_LOOP_ANALYSIS = YES;
				CLANG_WARN_STRICT_PROTOTYPES = YES;
				CLANG_WARN_SUSPICIOUS_MOVE = YES;
				CLANG_WARN_UNGUARDED_AVAILABILITY = YES_AGGRESSIVE;
				CLANG_WARN_UNREACHABLE_CODE = YES;
				CLANG_WARN__DUPLICATE_METHOD_MATCH = YES;
				COPY_PHASE_STRIP = NO;
				DEBUG_INFORMATION_FORMAT = "dwarf-with-dsym";
				ENABLE_NS_ASSERTIONS = NO;
				ENABLE_STRICT_OBJC_MSGSEND = YES;
				GCC_C_LANGUAGE_STANDARD = gnu11;
				GCC_NO_COMMON_BLOCKS = YES;
				GCC_WARN_64_TO_32_BIT_CONVERSION = YES;
				GCC_WARN_ABOUT_RETURN_TYPE = YES_ERROR;
				GCC_WARN_UNDECLARED_SELECTOR = YES;
				GCC_WARN_UNINITIALIZED_AUTOS = YES_AGGRESSIVE;
				GCC_WARN_UNUSED_FUNCTION = YES;
				GCC_WARN_UNUSED_VARIABLE = YES;
				IPHONEOS_DEPLOYMENT_TARGET = 13.7;
				MTL_ENABLE_DEBUG_INFO = NO;
				MTL_FAST_MATH = YES;
				SDKROOT = iphoneos;
				SWIFT_COMPILATION_MODE = wholemodule;
				SWIFT_OPTIMIZATION_LEVEL = "-O";
				VALIDATE_PRODUCT = YES;
			};
			name = Release;
		};
		1817D2C02511014A00B198EC /* Debug */ = {
			isa = XCBuildConfiguration;
			baseConfigurationReference = 462C161FCE216678610DAB1E /* Pods-2048MVC.debug.xcconfig */;
			buildSettings = {
				ASSETCATALOG_COMPILER_APPICON_NAME = AppIcon;
				CODE_SIGN_STYLE = Automatic;
				INFOPLIST_FILE = 2048MVC/Info.plist;
				LD_RUNPATH_SEARCH_PATHS = (
					"$(inherited)",
					"@executable_path/Frameworks",
				);
				PRODUCT_BUNDLE_IDENTIFIER = "il.co.hyperactive.-048MVC";
				PRODUCT_NAME = "$(TARGET_NAME)";
				SWIFT_VERSION = 5.0;
				TARGETED_DEVICE_FAMILY = "1,2";
			};
			name = Debug;
		};
		1817D2C12511014A00B198EC /* Release */ = {
			isa = XCBuildConfiguration;
			baseConfigurationReference = 35133D3858FE4148B39C60E0 /* Pods-2048MVC.release.xcconfig */;
			buildSettings = {
				ASSETCATALOG_COMPILER_APPICON_NAME = AppIcon;
				CODE_SIGN_STYLE = Automatic;
				INFOPLIST_FILE = 2048MVC/Info.plist;
				LD_RUNPATH_SEARCH_PATHS = (
					"$(inherited)",
					"@executable_path/Frameworks",
				);
				PRODUCT_BUNDLE_IDENTIFIER = "il.co.hyperactive.-048MVC";
				PRODUCT_NAME = "$(TARGET_NAME)";
				SWIFT_VERSION = 5.0;
				TARGETED_DEVICE_FAMILY = "1,2";
			};
			name = Release;
		};
		1817D2C32511014A00B198EC /* Debug */ = {
			isa = XCBuildConfiguration;
			baseConfigurationReference = 21C345B7782FC115BB646375 /* Pods-2048MVCTests.debug.xcconfig */;
			buildSettings = {
				ALWAYS_EMBED_SWIFT_STANDARD_LIBRARIES = YES;
				BUNDLE_LOADER = "$(TEST_HOST)";
				CODE_SIGN_STYLE = Automatic;
				INFOPLIST_FILE = 2048MVCTests/Info.plist;
				IPHONEOS_DEPLOYMENT_TARGET = 13.7;
				LD_RUNPATH_SEARCH_PATHS = (
					"$(inherited)",
					"@executable_path/Frameworks",
					"@loader_path/Frameworks",
				);
				PRODUCT_BUNDLE_IDENTIFIER = "il.co.hyperactive.-048MVCTests";
				PRODUCT_NAME = "$(TARGET_NAME)";
				SWIFT_VERSION = 5.0;
				TARGETED_DEVICE_FAMILY = "1,2";
				TEST_HOST = "$(BUILT_PRODUCTS_DIR)/2048MVC.app/2048MVC";
			};
			name = Debug;
		};
		1817D2C42511014A00B198EC /* Release */ = {
			isa = XCBuildConfiguration;
			baseConfigurationReference = 95FF749298E4E05D61640525 /* Pods-2048MVCTests.release.xcconfig */;
			buildSettings = {
				ALWAYS_EMBED_SWIFT_STANDARD_LIBRARIES = YES;
				BUNDLE_LOADER = "$(TEST_HOST)";
				CODE_SIGN_STYLE = Automatic;
				INFOPLIST_FILE = 2048MVCTests/Info.plist;
				IPHONEOS_DEPLOYMENT_TARGET = 13.7;
				LD_RUNPATH_SEARCH_PATHS = (
					"$(inherited)",
					"@executable_path/Frameworks",
					"@loader_path/Frameworks",
				);
				PRODUCT_BUNDLE_IDENTIFIER = "il.co.hyperactive.-048MVCTests";
				PRODUCT_NAME = "$(TARGET_NAME)";
				SWIFT_VERSION = 5.0;
				TARGETED_DEVICE_FAMILY = "1,2";
				TEST_HOST = "$(BUILT_PRODUCTS_DIR)/2048MVC.app/2048MVC";
			};
			name = Release;
		};
		1817D2C62511014A00B198EC /* Debug */ = {
			isa = XCBuildConfiguration;
			baseConfigurationReference = 4ABD16AC03BED282C0ED04A5 /* Pods-2048MVC-2048MVCUITests.debug.xcconfig */;
			buildSettings = {
				ALWAYS_EMBED_SWIFT_STANDARD_LIBRARIES = YES;
				CODE_SIGN_STYLE = Automatic;
				INFOPLIST_FILE = 2048MVCUITests/Info.plist;
				LD_RUNPATH_SEARCH_PATHS = (
					"$(inherited)",
					"@executable_path/Frameworks",
					"@loader_path/Frameworks",
				);
				PRODUCT_BUNDLE_IDENTIFIER = "il.co.hyperactive.-048MVCUITests";
				PRODUCT_NAME = "$(TARGET_NAME)";
				SWIFT_VERSION = 5.0;
				TARGETED_DEVICE_FAMILY = "1,2";
				TEST_TARGET_NAME = 2048MVC;
			};
			name = Debug;
		};
		1817D2C72511014A00B198EC /* Release */ = {
			isa = XCBuildConfiguration;
			baseConfigurationReference = EF7A87EBE21D4CD6B9767D87 /* Pods-2048MVC-2048MVCUITests.release.xcconfig */;
			buildSettings = {
				ALWAYS_EMBED_SWIFT_STANDARD_LIBRARIES = YES;
				CODE_SIGN_STYLE = Automatic;
				INFOPLIST_FILE = 2048MVCUITests/Info.plist;
				LD_RUNPATH_SEARCH_PATHS = (
					"$(inherited)",
					"@executable_path/Frameworks",
					"@loader_path/Frameworks",
				);
				PRODUCT_BUNDLE_IDENTIFIER = "il.co.hyperactive.-048MVCUITests";
				PRODUCT_NAME = "$(TARGET_NAME)";
				SWIFT_VERSION = 5.0;
				TARGETED_DEVICE_FAMILY = "1,2";
				TEST_TARGET_NAME = 2048MVC;
			};
			name = Release;
		};
/* End XCBuildConfiguration section */

/* Begin XCConfigurationList section */
		1817D2902511010D00B198EC /* Build configuration list for PBXProject "2048MVC" */ = {
			isa = XCConfigurationList;
			buildConfigurations = (
				1817D2BD2511014A00B198EC /* Debug */,
				1817D2BE2511014A00B198EC /* Release */,
			);
			defaultConfigurationIsVisible = 0;
			defaultConfigurationName = Release;
		};
		1817D2BF2511014A00B198EC /* Build configuration list for PBXNativeTarget "2048MVC" */ = {
			isa = XCConfigurationList;
			buildConfigurations = (
				1817D2C02511014A00B198EC /* Debug */,
				1817D2C12511014A00B198EC /* Release */,
			);
			defaultConfigurationIsVisible = 0;
			defaultConfigurationName = Release;
		};
		1817D2C22511014A00B198EC /* Build configuration list for PBXNativeTarget "2048MVCTests" */ = {
			isa = XCConfigurationList;
			buildConfigurations = (
				1817D2C32511014A00B198EC /* Debug */,
				1817D2C42511014A00B198EC /* Release */,
			);
			defaultConfigurationIsVisible = 0;
			defaultConfigurationName = Release;
		};
		1817D2C52511014A00B198EC /* Build configuration list for PBXNativeTarget "2048MVCUITests" */ = {
			isa = XCConfigurationList;
			buildConfigurations = (
				1817D2C62511014A00B198EC /* Debug */,
				1817D2C72511014A00B198EC /* Release */,
			);
			defaultConfigurationIsVisible = 0;
			defaultConfigurationName = Release;
		};
/* End XCConfigurationList section */
	};
	rootObject = 1817D28D2511010D00B198EC /* Project object */;
}
